
Microsoft Visual Studio Solution File, Format Version 12.00
# Visual Studio Version 16
VisualStudioVersion = 16.0.30523.141
MinimumVisualStudioVersion = 10.0.40219.1
Project("{8BC9CEB8-8B4A-11D0-8D11-00A0C91BC942}") = "4.32 (Modified Diamond-Printing Program)", "4.32 (Modified Diamond-Printing Program).vcxproj", "{DBFD013C-0FA0-4D2E-800E-086480DF099C}"
EndProject
Global
	GlobalSection(SolutionConfigurationPlatforms) = preSolution
		Debug|x64 = Debug|x64
		Debug|x86 = Debug|x86
		Release|x64 = Release|x64
		Release|x86 = Release|x86
	EndGlobalSection
	GlobalSection(ProjectConfigurationPlatforms) = postSolution
		{DBFD013C-0FA0-4D2E-800E-086480DF099C}.Debug|x64.ActiveCfg = Debug|x64
		{DBFD013C-0FA0-4D2E-800E-086480DF099C}.Debug|x64.Build.0 = Debug|x64
		{DBFD013C-0FA0-4D2E-800E-086480DF099C}.Debug|x86.ActiveCfg = Debug|Win32
		{DBFD013C-0FA0-4D2E-800E-086480DF099C}.Debug|x86.Build.0 = Debug|Win32
		{DBFD013C-0FA0-4D2E-800E-086480DF099C}.Release|x64.ActiveCfg = Release|x64
		{DBFD013C-0FA0-4D2E-800E-086480DF099C}.Release|x64.Build.0 = Release|x64
		{DBFD013C-0FA0-4D2E-800E-086480DF099C}.Release|x86.ActiveCfg = Release|Win32
		{DBFD013C-0FA0-4D2E-800E-086480DF099C}.Release|x86.Build.0 = Release|Win32
	EndGlobalSection
	GlobalSection(SolutionProperties) = preSolution
		HideSolutionNode = FALSE
	EndGlobalSection
	GlobalSection(ExtensibilityGlobals) = postSolution
		SolutionGuid = {664973CE-5720-42C8-BABE-DB9649F54800}
	EndGlobalSection
EndGlobal
