
Microsoft Visual Studio Solution File, Format Version 12.00
# Visual Studio Version 16
VisualStudioVersion = 16.0.30523.141
MinimumVisualStudioVersion = 10.0.40219.1
Project("{8BC9CEB8-8B4A-11D0-8D11-00A0C91BC942}") = "4.10 (Average a Sequence of Integers)", "4.10 (Average a Sequence of Integers).vcxproj", "{556A732D-338C-42D5-85FC-7E39449E0A06}"
EndProject
Global
	GlobalSection(SolutionConfigurationPlatforms) = preSolution
		Debug|x64 = Debug|x64
		Debug|x86 = Debug|x86
		Release|x64 = Release|x64
		Release|x86 = Release|x86
	EndGlobalSection
	GlobalSection(ProjectConfigurationPlatforms) = postSolution
		{556A732D-338C-42D5-85FC-7E39449E0A06}.Debug|x64.ActiveCfg = Debug|x64
		{556A732D-338C-42D5-85FC-7E39449E0A06}.Debug|x64.Build.0 = Debug|x64
		{556A732D-338C-42D5-85FC-7E39449E0A06}.Debug|x86.ActiveCfg = Debug|Win32
		{556A732D-338C-42D5-85FC-7E39449E0A06}.Debug|x86.Build.0 = Debug|Win32
		{556A732D-338C-42D5-85FC-7E39449E0A06}.Release|x64.ActiveCfg = Release|x64
		{556A732D-338C-42D5-85FC-7E39449E0A06}.Release|x64.Build.0 = Release|x64
		{556A732D-338C-42D5-85FC-7E39449E0A06}.Release|x86.ActiveCfg = Release|Win32
		{556A732D-338C-42D5-85FC-7E39449E0A06}.Release|x86.Build.0 = Release|Win32
	EndGlobalSection
	GlobalSection(SolutionProperties) = preSolution
		HideSolutionNode = FALSE
	EndGlobalSection
	GlobalSection(ExtensibilityGlobals) = postSolution
		SolutionGuid = {21B3D534-9166-4965-913A-0E5DA0C6EE62}
	EndGlobalSection
EndGlobal
